// !$*UTF8*$!
{
	archiveVersion = 1;
	classes = {
	};
	objectVersion = 46;
	objects = {

/* Begin PBXBuildFile section */
		75BA6E531DBD8EA3003FE7F7 /* main.m in Sources */ = {isa = PBXBuildFile; fileRef = 75BA6E521DBD8EA3003FE7F7 /* main.m */; };
		75BA6E561DBD8EA3003FE7F7 /* AppDelegate.m in Sources */ = {isa = PBXBuildFile; fileRef = 75BA6E551DBD8EA3003FE7F7 /* AppDelegate.m */; };
		75BA6E591DBD8EA3003FE7F7 /* ViewController.m in Sources */ = {isa = PBXBuildFile; fileRef = 75BA6E581DBD8EA3003FE7F7 /* ViewController.m */; };
		75BA6E5C1DBD8EA3003FE7F7 /* Main.storyboard in Resources */ = {isa = PBXBuildFile; fileRef = 75BA6E5A1DBD8EA3003FE7F7 /* Main.storyboard */; };
		75BA6E5E1DBD8EA3003FE7F7 /* Assets.xcassets in Resources */ = {isa = PBXBuildFile; fileRef = 75BA6E5D1DBD8EA3003FE7F7 /* Assets.xcassets */; };
		75BA6E611DBD8EA3003FE7F7 /* LaunchScreen.storyboard in Resources */ = {isa = PBXBuildFile; fileRef = 75BA6E5F1DBD8EA3003FE7F7 /* LaunchScreen.storyboard */; };
		75BA6E6C1DBD8EA3003FE7F7 /* JS__OCMethond_______Tests.m in Sources */ = {isa = PBXBuildFile; fileRef = 75BA6E6B1DBD8EA3003FE7F7 /* JS__OCMethond_______Tests.m */; };
		75BA6E771DBD8EA3003FE7F7 /* JS__OCMethond_______UITests.m in Sources */ = {isa = PBXBuildFile; fileRef = 75BA6E761DBD8EA3003FE7F7 /* JS__OCMethond_______UITests.m */; };
		75BA6E851DBD8ECC003FE7F7 /* test.html in Resources */ = {isa = PBXBuildFile; fileRef = 75BA6E841DBD8ECC003FE7F7 /* test.html */; };
		75BA6E881DBDA8FE003FE7F7 /* SaveImage_Util.m in Sources */ = {isa = PBXBuildFile; fileRef = 75BA6E871DBDA8FE003FE7F7 /* SaveImage_Util.m */; };
/* End PBXBuildFile section */

/* Begin PBXContainerItemProxy section */
		75BA6E681DBD8EA3003FE7F7 /* PBXContainerItemProxy */ = {
			isa = PBXContainerItemProxy;
			containerPortal = 75BA6E461DBD8EA3003FE7F7 /* Project object */;
			proxyType = 1;
			remoteGlobalIDString = 75BA6E4D1DBD8EA3003FE7F7;
			remoteInfo = "JS调用OCMethond(相机和相册)";
		};
		75BA6E731DBD8EA3003FE7F7 /* PBXContainerItemProxy */ = {
			isa = PBXContainerItemProxy;
			containerPortal = 75BA6E461DBD8EA3003FE7F7 /* Project object */;
			proxyType = 1;
			remoteGlobalIDString = 75BA6E4D1DBD8EA3003FE7F7;
			remoteInfo = "JS调用OCMethond(相机和相册)";
		};
/* End PBXContainerItemProxy section */

/* Begin PBXFileReference section */
		75BA6E4E1DBD8EA3003FE7F7 /* JS调用OCMethond(相机和相册).app */ = {isa = PBXFileReference; explicitFileType = wrapper.application; includeInIndex = 0; path = "JS调用OCMethond(相机和相册).app"; sourceTree = BUILT_PRODUCTS_DIR; };
		75BA6E521DBD8EA3003FE7F7 /* main.m */ = {isa = PBXFileReference; lastKnownFileType = sourcecode.c.objc; path = main.m; sourceTree = "<group>"; };
		75BA6E541DBD8EA3003FE7F7 /* AppDelegate.h */ = {isa = PBXFileReference; lastKnownFileType = sourcecode.c.h; path = AppDelegate.h; sourceTree = "<group>"; };
		75BA6E551DBD8EA3003FE7F7 /* AppDelegate.m */ = {isa = PBXFileReference; lastKnownFileType = sourcecode.c.objc; path = AppDelegate.m; sourceTree = "<group>"; };
		75BA6E571DBD8EA3003FE7F7 /* ViewController.h */ = {isa = PBXFileReference; lastKnownFileType = sourcecode.c.h; path = ViewController.h; sourceTree = "<group>"; };
		75BA6E581DBD8EA3003FE7F7 /* ViewController.m */ = {isa = PBXFileReference; lastKnownFileType = sourcecode.c.objc; path = ViewController.m; sourceTree = "<group>"; };
		75BA6E5B1DBD8EA3003FE7F7 /* Base */ = {isa = PBXFileReference; lastKnownFileType = file.storyboard; name = Base; path = Base.lproj/Main.storyboard; sourceTree = "<group>"; };
		75BA6E5D1DBD8EA3003FE7F7 /* Assets.xcassets */ = {isa = PBXFileReference; lastKnownFileType = folder.assetcatalog; path = Assets.xcassets; sourceTree = "<group>"; };
		75BA6E601DBD8EA3003FE7F7 /* Base */ = {isa = PBXFileReference; lastKnownFileType = file.storyboard; name = Base; path = Base.lproj/LaunchScreen.storyboard; sourceTree = "<group>"; };
		75BA6E621DBD8EA3003FE7F7 /* Info.plist */ = {isa = PBXFileReference; lastKnownFileType = text.plist.xml; path = Info.plist; sourceTree = "<group>"; };
		75BA6E671DBD8EA3003FE7F7 /* JS调用OCMethond(相机和相册)Tests.xctest */ = {isa = PBXFileReference; explicitFileType = wrapper.cfbundle; includeInIndex = 0; path = "JS调用OCMethond(相机和相册)Tests.xctest"; sourceTree = BUILT_PRODUCTS_DIR; };
		75BA6E6B1DBD8EA3003FE7F7 /* JS__OCMethond_______Tests.m */ = {isa = PBXFileReference; lastKnownFileType = sourcecode.c.objc; path = "JS__OCMethond_______Tests.m"; sourceTree = "<group>"; };
		75BA6E6D1DBD8EA3003FE7F7 /* Info.plist */ = {isa = PBXFileReference; lastKnownFileType = text.plist.xml; path = Info.plist; sourceTree = "<group>"; };
		75BA6E721DBD8EA3003FE7F7 /* JS调用OCMethond(相机和相册)UITests.xctest */ = {isa = PBXFileReference; explicitFileType = wrapper.cfbundle; includeInIndex = 0; path = "JS调用OCMethond(相机和相册)UITests.xctest"; sourceTree = BUILT_PRODUCTS_DIR; };
		75BA6E761DBD8EA3003FE7F7 /* JS__OCMethond_______UITests.m */ = {isa = PBXFileReference; lastKnownFileType = sourcecode.c.objc; path = "JS__OCMethond_______UITests.m"; sourceTree = "<group>"; };
		75BA6E781DBD8EA3003FE7F7 /* Info.plist */ = {isa = PBXFileReference; lastKnownFileType = text.plist.xml; path = Info.plist; sourceTree = "<group>"; };
		75BA6E841DBD8ECC003FE7F7 /* test.html */ = {isa = PBXFileReference; fileEncoding = 4; lastKnownFileType = text.html; path = test.html; sourceTree = "<group>"; };
		75BA6E861DBDA8FE003FE7F7 /* SaveImage_Util.h */ = {isa = PBXFileReference; fileEncoding = 4; lastKnownFileType = sourcecode.c.h; path = SaveImage_Util.h; sourceTree = "<group>"; };
		75BA6E871DBDA8FE003FE7F7 /* SaveImage_Util.m */ = {isa = PBXFileReference; fileEncoding = 4; lastKnownFileType = sourcecode.c.objc; path = SaveImage_Util.m; sourceTree = "<group>"; };
/* End PBXFileReference section */

/* Begin PBXFrameworksBuildPhase section */
		75BA6E4B1DBD8EA3003FE7F7 /* Frameworks */ = {
			isa = PBXFrameworksBuildPhase;
			buildActionMask = 2147483647;
			files = (
			);
			runOnlyForDeploymentPostprocessing = 0;
		};
		75BA6E641DBD8EA3003FE7F7 /* Frameworks */ = {
			isa = PBXFrameworksBuildPhase;
			buildActionMask = 2147483647;
			files = (
			);
			runOnlyForDeploymentPostprocessing = 0;
		};
		75BA6E6F1DBD8EA3003FE7F7 /* Frameworks */ = {
			isa = PBXFrameworksBuildPhase;
			buildActionMask = 2147483647;
			files = (
			);
			runOnlyForDeploymentPostprocessing = 0;
		};
/* End PBXFrameworksBuildPhase section */

/* Begin PBXGroup section */
		75BA6E451DBD8EA3003FE7F7 = {
			isa = PBXGroup;
			children = (
				75BA6E841DBD8ECC003FE7F7 /* test.html */,
				75BA6E501DBD8EA3003FE7F7 /* JS调用OCMethond(相机和相册) */,
				75BA6E6A1DBD8EA3003FE7F7 /* JS调用OCMethond(相机和相册)Tests */,
				75BA6E751DBD8EA3003FE7F7 /* JS调用OCMethond(相机和相册)UITests */,
				75BA6E4F1DBD8EA3003FE7F7 /* Products */,
			);
			sourceTree = "<group>";
		};
		75BA6E4F1DBD8EA3003FE7F7 /* Products */ = {
			isa = PBXGroup;
			children = (
				75BA6E4E1DBD8EA3003FE7F7 /* JS调用OCMethond(相机和相册).app */,
				75BA6E671DBD8EA3003FE7F7 /* JS调用OCMethond(相机和相册)Tests.xctest */,
				75BA6E721DBD8EA3003FE7F7 /* JS调用OCMethond(相机和相册)UITests.xctest */,
			);
			name = Products;
			sourceTree = "<group>";
		};
		75BA6E501DBD8EA3003FE7F7 /* JS调用OCMethond(相机和相册) */ = {
			isa = PBXGroup;
			children = (
				75BA6E541DBD8EA3003FE7F7 /* AppDelegate.h */,
				75BA6E551DBD8EA3003FE7F7 /* AppDelegate.m */,
				75BA6E571DBD8EA3003FE7F7 /* ViewController.h */,
				75BA6E581DBD8EA3003FE7F7 /* ViewController.m */,
				75BA6E5A1DBD8EA3003FE7F7 /* Main.storyboard */,
				75BA6E5D1DBD8EA3003FE7F7 /* Assets.xcassets */,
				75BA6E5F1DBD8EA3003FE7F7 /* LaunchScreen.storyboard */,
				75BA6E621DBD8EA3003FE7F7 /* Info.plist */,
				75BA6E511DBD8EA3003FE7F7 /* Supporting Files */,
				75BA6E861DBDA8FE003FE7F7 /* SaveImage_Util.h */,
				75BA6E871DBDA8FE003FE7F7 /* SaveImage_Util.m */,
			);
			path = "JS调用OCMethond(相机和相册)";
			sourceTree = "<group>";
		};
		75BA6E511DBD8EA3003FE7F7 /* Supporting Files */ = {
			isa = PBXGroup;
			children = (
				75BA6E521DBD8EA3003FE7F7 /* main.m */,
			);
			name = "Supporting Files";
			sourceTree = "<group>";
		};
		75BA6E6A1DBD8EA3003FE7F7 /* JS调用OCMethond(相机和相册)Tests */ = {
			isa = PBXGroup;
			children = (
				75BA6E6B1DBD8EA3003FE7F7 /* JS__OCMethond_______Tests.m */,
				75BA6E6D1DBD8EA3003FE7F7 /* Info.plist */,
			);
			path = "JS调用OCMethond(相机和相册)Tests";
			sourceTree = "<group>";
		};
		75BA6E751DBD8EA3003FE7F7 /* JS调用OCMethond(相机和相册)UITests */ = {
			isa = PBXGroup;
			children = (
				75BA6E761DBD8EA3003FE7F7 /* JS__OCMethond_______UITests.m */,
				75BA6E781DBD8EA3003FE7F7 /* Info.plist */,
			);
			path = "JS调用OCMethond(相机和相册)UITests";
			sourceTree = "<group>";
		};
/* End PBXGroup section */

/* Begin PBXNativeTarget section */
		75BA6E4D1DBD8EA3003FE7F7 /* JS调用OCMethond(相机和相册) */ = {
			isa = PBXNativeTarget;
			buildConfigurationList = 75BA6E7B1DBD8EA3003FE7F7 /* Build configuration list for PBXNativeTarget "JS调用OCMethond(相机和相册)" */;
			buildPhases = (
				75BA6E4A1DBD8EA3003FE7F7 /* Sources */,
				75BA6E4B1DBD8EA3003FE7F7 /* Frameworks */,
				75BA6E4C1DBD8EA3003FE7F7 /* Resources */,
			);
			buildRules = (
			);
			dependencies = (
			);
			name = "JS调用OCMethond(相机和相册)";
			productName = "JS调用OCMethond(相机和相册)";
			productReference = 75BA6E4E1DBD8EA3003FE7F7 /* JS调用OCMethond(相机和相册).app */;
			productType = "com.apple.product-type.application";
		};
		75BA6E661DBD8EA3003FE7F7 /* JS调用OCMethond(相机和相册)Tests */ = {
			isa = PBXNativeTarget;
			buildConfigurationList = 75BA6E7E1DBD8EA3003FE7F7 /* Build configuration list for PBXNativeTarget "JS调用OCMethond(相机和相册)Tests" */;
			buildPhases = (
				75BA6E631DBD8EA3003FE7F7 /* Sources */,
				75BA6E641DBD8EA3003FE7F7 /* Frameworks */,
				75BA6E651DBD8EA3003FE7F7 /* Resources */,
			);
			buildRules = (
			);
			dependencies = (
				75BA6E691DBD8EA3003FE7F7 /* PBXTargetDependency */,
			);
			name = "JS调用OCMethond(相机和相册)Tests";
			productName = "JS调用OCMethond(相机和相册)Tests";
			productReference = 75BA6E671DBD8EA3003FE7F7 /* JS调用OCMethond(相机和相册)Tests.xctest */;
			productType = "com.apple.product-type.bundle.unit-test";
		};
		75BA6E711DBD8EA3003FE7F7 /* JS调用OCMethond(相机和相册)UITests */ = {
			isa = PBXNativeTarget;
			buildConfigurationList = 75BA6E811DBD8EA3003FE7F7 /* Build configuration list for PBXNativeTarget "JS调用OCMethond(相机和相册)UITests" */;
			buildPhases = (
				75BA6E6E1DBD8EA3003FE7F7 /* Sources */,
				75BA6E6F1DBD8EA3003FE7F7 /* Frameworks */,
				75BA6E701DBD8EA3003FE7F7 /* Resources */,
			);
			buildRules = (
			);
			dependencies = (
				75BA6E741DBD8EA3003FE7F7 /* PBXTargetDependency */,
			);
			name = "JS调用OCMethond(相机和相册)UITests";
			productName = "JS调用OCMethond(相机和相册)UITests";
			productReference = 75BA6E721DBD8EA3003FE7F7 /* JS调用OCMethond(相机和相册)UITests.xctest */;
			productType = "com.apple.product-type.bundle.ui-testing";
		};
/* End PBXNativeTarget section */

/* Begin PBXProject section */
		75BA6E461DBD8EA3003FE7F7 /* Project object */ = {
			isa = PBXProject;
			attributes = {
				LastUpgradeCheck = 0800;
				ORGANIZATIONNAME = Rookie_YX;
				TargetAttributes = {
					75BA6E4D1DBD8EA3003FE7F7 = {
						CreatedOnToolsVersion = 8.0;
						DevelopmentTeam = F5V2UR9J8H;
						ProvisioningStyle = Automatic;
					};
					75BA6E661DBD8EA3003FE7F7 = {
						CreatedOnToolsVersion = 8.0;
						ProvisioningStyle = Automatic;
						TestTargetID = 75BA6E4D1DBD8EA3003FE7F7;
					};
					75BA6E711DBD8EA3003FE7F7 = {
						CreatedOnToolsVersion = 8.0;
						ProvisioningStyle = Automatic;
						TestTargetID = 75BA6E4D1DBD8EA3003FE7F7;
					};
				};
			};
			buildConfigurationList = 75BA6E491DBD8EA3003FE7F7 /* Build configuration list for PBXProject "JS调用OCMethond(相机和相册)" */;
			compatibilityVersion = "Xcode 3.2";
			developmentRegion = English;
			hasScannedForEncodings = 0;
			knownRegions = (
				en,
				Base,
			);
			mainGroup = 75BA6E451DBD8EA3003FE7F7;
			productRefGroup = 75BA6E4F1DBD8EA3003FE7F7 /* Products */;
			projectDirPath = "";
			projectRoot = "";
			targets = (
				75BA6E4D1DBD8EA3003FE7F7 /* JS调用OCMethond(相机和相册) */,
				75BA6E661DBD8EA3003FE7F7 /* JS调用OCMethond(相机和相册)Tests */,
				75BA6E711DBD8EA3003FE7F7 /* JS调用OCMethond(相机和相册)UITests */,
			);
		};
/* End PBXProject section */

/* Begin PBXResourcesBuildPhase section */
		75BA6E4C1DBD8EA3003FE7F7 /* Resources */ = {
			isa = PBXResourcesBuildPhase;
			buildActionMask = 2147483647;
			files = (
				75BA6E851DBD8ECC003FE7F7 /* test.html in Resources */,
				75BA6E611DBD8EA3003FE7F7 /* LaunchScreen.storyboard in Resources */,
				75BA6E5E1DBD8EA3003FE7F7 /* Assets.xcassets in Resources */,
				75BA6E5C1DBD8EA3003FE7F7 /* Main.storyboard in Resources */,
			);
			runOnlyForDeploymentPostprocessing = 0;
		};
		75BA6E651DBD8EA3003FE7F7 /* Resources */ = {
			isa = PBXResourcesBuildPhase;
			buildActionMask = 2147483647;
			files = (
			);
			runOnlyForDeploymentPostprocessing = 0;
		};
		75BA6E701DBD8EA3003FE7F7 /* Resources */ = {
			isa = PBXResourcesBuildPhase;
			buildActionMask = 2147483647;
			files = (
			);
			runOnlyForDeploymentPostprocessing = 0;
		};
/* End PBXResourcesBuildPhase section */

/* Begin PBXSourcesBuildPhase section */
		75BA6E4A1DBD8EA3003FE7F7 /* Sources */ = {
			isa = PBXSourcesBuildPhase;
			buildActionMask = 2147483647;
			files = (
				75BA6E591DBD8EA3003FE7F7 /* ViewController.m in Sources */,
				75BA6E561DBD8EA3003FE7F7 /* AppDelegate.m in Sources */,
				75BA6E881DBDA8FE003FE7F7 /* SaveImage_Util.m in Sources */,
				75BA6E531DBD8EA3003FE7F7 /* main.m in Sources */,
			);
			runOnlyForDeploymentPostprocessing = 0;
		};
		75BA6E631DBD8EA3003FE7F7 /* Sources */ = {
			isa = PBXSourcesBuildPhase;
			buildActionMask = 2147483647;
			files = (
				75BA6E6C1DBD8EA3003FE7F7 /* JS__OCMethond_______Tests.m in Sources */,
			);
			runOnlyForDeploymentPostprocessing = 0;
		};
		75BA6E6E1DBD8EA3003FE7F7 /* Sources */ = {
			isa = PBXSourcesBuildPhase;
			buildActionMask = 2147483647;
			files = (
				75BA6E771DBD8EA3003FE7F7 /* JS__OCMethond_______UITests.m in Sources */,
			);
			runOnlyForDeploymentPostprocessing = 0;
		};
/* End PBXSourcesBuildPhase section */

/* Begin PBXTargetDependency section */
		75BA6E691DBD8EA3003FE7F7 /* PBXTargetDependency */ = {
			isa = PBXTargetDependency;
			target = 75BA6E4D1DBD8EA3003FE7F7 /* JS调用OCMethond(相机和相册) */;
			targetProxy = 75BA6E681DBD8EA3003FE7F7 /* PBXContainerItemProxy */;
		};
		75BA6E741DBD8EA3003FE7F7 /* PBXTargetDependency */ = {
			isa = PBXTargetDependency;
			target = 75BA6E4D1DBD8EA3003FE7F7 /* JS调用OCMethond(相机和相册) */;
			targetProxy = 75BA6E731DBD8EA3003FE7F7 /* PBXContainerItemProxy */;
		};
/* End PBXTargetDependency section */

/* Begin PBXVariantGroup section */
		75BA6E5A1DBD8EA3003FE7F7 /* Main.storyboard */ = {
			isa = PBXVariantGroup;
			children = (
				75BA6E5B1DBD8EA3003FE7F7 /* Base */,
			);
			name = Main.storyboard;
			sourceTree = "<group>";
		};
		75BA6E5F1DBD8EA3003FE7F7 /* LaunchScreen.storyboard */ = {
			isa = PBXVariantGroup;
			children = (
				75BA6E601DBD8EA3003FE7F7 /* Base */,
			);
			name = LaunchScreen.storyboard;
			sourceTree = "<group>";
		};
/* End PBXVariantGroup section */

/* Begin XCBuildConfiguration section */
		75BA6E791DBD8EA3003FE7F7 /* Debug */ = {
			isa = XCBuildConfiguration;
			buildSettings = {
				ALWAYS_SEARCH_USER_PATHS = NO;
				CLANG_ANALYZER_NONNULL = YES;
				CLANG_CXX_LANGUAGE_STANDARD = "gnu++0x";
				CLANG_CXX_LIBRARY = "libc++";
				CLANG_ENABLE_MODULES = YES;
				CLANG_ENABLE_OBJC_ARC = YES;
				CLANG_WARN_BOOL_CONVERSION = YES;
				CLANG_WARN_CONSTANT_CONVERSION = YES;
				CLANG_WARN_DIRECT_OBJC_ISA_USAGE = YES_ERROR;
				CLANG_WARN_DOCUMENTATION_COMMENTS = YES;
				CLANG_WARN_EMPTY_BODY = YES;
				CLANG_WARN_ENUM_CONVERSION = YES;
				CLANG_WARN_INFINITE_RECURSION = YES;
				CLANG_WARN_INT_CONVERSION = YES;
				CLANG_WARN_OBJC_ROOT_CLASS = YES_ERROR;
				CLANG_WARN_SUSPICIOUS_MOVES = YES;
				CLANG_WARN_UNREACHABLE_CODE = YES;
				CLANG_WARN__DUPLICATE_METHOD_MATCH = YES;
				"CODE_SIGN_IDENTITY[sdk=iphoneos*]" = "iPhone Developer";
				COPY_PHASE_STRIP = NO;
				DEBUG_INFORMATION_FORMAT = dwarf;
				ENABLE_STRICT_OBJC_MSGSEND = YES;
				ENABLE_TESTABILITY = YES;
				GCC_C_LANGUAGE_STANDARD = gnu99;
				GCC_DYNAMIC_NO_PIC = NO;
				GCC_NO_COMMON_BLOCKS = YES;
				GCC_OPTIMIZATION_LEVEL = 0;
				GCC_PREPROCESSOR_DEFINITIONS = (
					"DEBUG=1",
					"$(inherited)",
				);
				GCC_WARN_64_TO_32_BIT_CONVERSION = YES;
				GCC_WARN_ABOUT_RETURN_TYPE = YES_ERROR;
				GCC_WARN_UNDECLARED_SELECTOR = YES;
				GCC_WARN_UNINITIALIZED_AUTOS = YES_AGGRESSIVE;
				GCC_WARN_UNUSED_FUNCTION = YES;
				GCC_WARN_UNUSED_VARIABLE = YES;
				IPHONEOS_DEPLOYMENT_TARGET = 10.0;
				MTL_ENABLE_DEBUG_INFO = YES;
				ONLY_ACTIVE_ARCH = YES;
				SDKROOT = iphoneos;
				TARGETED_DEVICE_FAMILY = "1,2";
			};
			name = Debug;
		};
		75BA6E7A1DBD8EA3003FE7F7 /* Release */ = {
			isa = XCBuildConfiguration;
			buildSettings = {
				ALWAYS_SEARCH_USER_PATHS = NO;
				CLANG_ANALYZER_NONNULL = YES;
				CLANG_CXX_LANGUAGE_STANDARD = "gnu++0x";
				CLANG_CXX_LIBRARY = "libc++";
				CLANG_ENABLE_MODULES = YES;
				CLANG_ENABLE_OBJC_ARC = YES;
				CLANG_WARN_BOOL_CONVERSION = YES;
				CLANG_WARN_CONSTANT_CONVERSION = YES;
				CLANG_WARN_DIRECT_OBJC_ISA_USAGE = YES_ERROR;
				CLANG_WARN_DOCUMENTATION_COMMENTS = YES;
				CLANG_WARN_EMPTY_BODY = YES;
				CLANG_WARN_ENUM_CONVERSION = YES;
				CLANG_WARN_INFINITE_RECURSION = YES;
				CLANG_WARN_INT_CONVERSION = YES;
				CLANG_WARN_OBJC_ROOT_CLASS = YES_ERROR;
				CLANG_WARN_SUSPICIOUS_MOVES = YES;
				CLANG_WARN_UNREACHABLE_CODE = YES;
				CLANG_WARN__DUPLICATE_METHOD_MATCH = YES;
				"CODE_SIGN_IDENTITY[sdk=iphoneos*]" = "iPhone Developer";
				COPY_PHASE_STRIP = NO;
				DEBUG_INFORMATION_FORMAT = "dwarf-with-dsym";
				ENABLE_NS_ASSERTIONS = NO;
				ENABLE_STRICT_OBJC_MSGSEND = YES;
				GCC_C_LANGUAGE_STANDARD = gnu99;
				GCC_NO_COMMON_BLOCKS = YES;
				GCC_WARN_64_TO_32_BIT_CONVERSION = YES;
				GCC_WARN_ABOUT_RETURN_TYPE = YES_ERROR;
				GCC_WARN_UNDECLARED_SELECTOR = YES;
				GCC_WARN_UNINITIALIZED_AUTOS = YES_AGGRESSIVE;
				GCC_WARN_UNUSED_FUNCTION = YES;
				GCC_WARN_UNUSED_VARIABLE = YES;
				IPHONEOS_DEPLOYMENT_TARGET = 10.0;
				MTL_ENABLE_DEBUG_INFO = NO;
				SDKROOT = iphoneos;
				TARGETED_DEVICE_FAMILY = "1,2";
				VALIDATE_PRODUCT = YES;
			};
			name = Release;
		};
		75BA6E7C1DBD8EA3003FE7F7 /* Debug */ = {
			isa = XCBuildConfiguration;
			buildSettings = {
				ASSETCATALOG_COMPILER_APPICON_NAME = AppIcon;
				DEVELOPMENT_TEAM = F5V2UR9J8H;
				INFOPLIST_FILE = "JS调用OCMethond(相机和相册)/Info.plist";
				LD_RUNPATH_SEARCH_PATHS = "$(inherited) @executable_path/Frameworks";
				PRODUCT_BUNDLE_IDENTIFIER = "--.JS--OCMethond-------";
				PRODUCT_NAME = "$(TARGET_NAME)";
			};
			name = Debug;
		};
		75BA6E7D1DBD8EA3003FE7F7 /* Release */ = {
			isa = XCBuildConfiguration;
			buildSettings = {
				ASSETCATALOG_COMPILER_APPICON_NAME = AppIcon;
				DEVELOPMENT_TEAM = F5V2UR9J8H;
				INFOPLIST_FILE = "JS调用OCMethond(相机和相册)/Info.plist";
				LD_RUNPATH_SEARCH_PATHS = "$(inherited) @executable_path/Frameworks";
				PRODUCT_BUNDLE_IDENTIFIER = "--.JS--OCMethond-------";
				PRODUCT_NAME = "$(TARGET_NAME)";
			};
			name = Release;
		};
		75BA6E7F1DBD8EA3003FE7F7 /* Debug */ = {
			isa = XCBuildConfiguration;
			buildSettings = {
				BUNDLE_LOADER = "$(TEST_HOST)";
				INFOPLIST_FILE = "JS调用OCMethond(相机和相册)Tests/Info.plist";
				LD_RUNPATH_SEARCH_PATHS = "$(inherited) @executable_path/Frameworks @loader_path/Frameworks";
				PRODUCT_BUNDLE_IDENTIFIER = "--.JS--OCMethond-------Tests";
				PRODUCT_NAME = "$(TARGET_NAME)";
				TEST_HOST = "$(BUILT_PRODUCTS_DIR)/JS调用OCMethond(相机和相册).app/JS调用OCMethond(相机和相册)";
			};
			name = Debug;
		};
		75BA6E801DBD8EA3003FE7F7 /* Release */ = {
			isa = XCBuildConfiguration;
			buildSettings = {
				BUNDLE_LOADER = "$(TEST_HOST)";
				INFOPLIST_FILE = "JS调用OCMethond(相机和相册)Tests/Info.plist";
				LD_RUNPATH_SEARCH_PATHS = "$(inherited) @executable_path/Frameworks @loader_path/Frameworks";
				PRODUCT_BUNDLE_IDENTIFIER = "--.JS--OCMethond-------Tests";
				PRODUCT_NAME = "$(TARGET_NAME)";
				TEST_HOST = "$(BUILT_PRODUCTS_DIR)/JS调用OCMethond(相机和相册).app/JS调用OCMethond(相机和相册)";
			};
			name = Release;
		};
		75BA6E821DBD8EA3003FE7F7 /* Debug */ = {
			isa = XCBuildConfiguration;
			buildSettings = {
				INFOPLIST_FILE = "JS调用OCMethond(相机和相册)UITests/Info.plist";
				LD_RUNPATH_SEARCH_PATHS = "$(inherited) @executable_path/Frameworks @loader_path/Frameworks";
				PRODUCT_BUNDLE_IDENTIFIER = "--.JS--OCMethond-------UITests";
				PRODUCT_NAME = "$(TARGET_NAME)";
				TEST_TARGET_NAME = "JS调用OCMethond(相机和相册)";
			};
			name = Debug;
		};
		75BA6E831DBD8EA3003FE7F7 /* Release */ = {
			isa = XCBuildConfiguration;
			buildSettings = {
				INFOPLIST_FILE = "JS调用OCMethond(相机和相册)UITests/Info.plist";
				LD_RUNPATH_SEARCH_PATHS = "$(inherited) @executable_path/Frameworks @loader_path/Frameworks";
				PRODUCT_BUNDLE_IDENTIFIER = "--.JS--OCMethond-------UITests";
				PRODUCT_NAME = "$(TARGET_NAME)";
				TEST_TARGET_NAME = "JS调用OCMethond(相机和相册)";
			};
			name = Release;
		};
/* End XCBuildConfiguration section */

/* Begin XCConfigurationList section */
		75BA6E491DBD8EA3003FE7F7 /* Build configuration list for PBXProject "JS调用OCMethond(相机和相册)" */ = {
			isa = XCConfigurationList;
			buildConfigurations = (
				75BA6E791DBD8EA3003FE7F7 /* Debug */,
				75BA6E7A1DBD8EA3003FE7F7 /* Release */,
			);
			defaultConfigurationIsVisible = 0;
			defaultConfigurationName = Release;
		};
		75BA6E7B1DBD8EA3003FE7F7 /* Build configuration list for PBXNativeTarget "JS调用OCMethond(相机和相册)" */ = {
			isa = XCConfigurationList;
			buildConfigurations = (
				75BA6E7C1DBD8EA3003FE7F7 /* Debug */,
				75BA6E7D1DBD8EA3003FE7F7 /* Release */,
			);
			defaultConfigurationIsVisible = 0;
		};
		75BA6E7E1DBD8EA3003FE7F7 /* Build configuration list for PBXNativeTarget "JS调用OCMethond(相机和相册)Tests" */ = {
			isa = XCConfigurationList;
			buildConfigurations = (
				75BA6E7F1DBD8EA3003FE7F7 /* Debug */,
				75BA6E801DBD8EA3003FE7F7 /* Release */,
			);
			defaultConfigurationIsVisible = 0;
		};
		75BA6E811DBD8EA3003FE7F7 /* Build configuration list for PBXNativeTarget "JS调用OCMethond(相机和相册)UITests" */ = {
			isa = XCConfigurationList;
			buildConfigurations = (
				75BA6E821DBD8EA3003FE7F7 /* Debug */,
				75BA6E831DBD8EA3003FE7F7 /* Release */,
			);
			defaultConfigurationIsVisible = 0;
		};
/* End XCConfigurationList section */
	};
	rootObject = 75BA6E461DBD8EA3003FE7F7 /* Project object */;
}
